// !$*UTF8*$!
{
	archiveVersion = 1;
	classes = {
	};
	objectVersion = 46;
	objects = {

/* Begin PBXBuildFile section */
		BC74E5931E5BF49B00E717C9 /* liboptargparse.a in Frameworks */ = {isa = PBXBuildFile; fileRef = BC74E57E1E5BF48E00E717C9 /* liboptargparse.a */; };
		BC74E59B1E5BF4D600E717C9 /* OAPArgumentParser.h in Headers */ = {isa = PBXBuildFile; fileRef = BC74E5991E5BF4D600E717C9 /* OAPArgumentParser.h */; };
		BC74E59C1E5BF4D600E717C9 /* OAPArgumentParser.m in Sources */ = {isa = PBXBuildFile; fileRef = BC74E59A1E5BF4D600E717C9 /* OAPArgumentParser.m */; };
		BC74E5A91E5C2C1C00E717C9 /* OAPArgumentParserTests.m in Sources */ = {isa = PBXBuildFile; fileRef = BC74E5A81E5C2C1C00E717C9 /* OAPArgumentParserTests.m */; };
/* End PBXBuildFile section */

/* Begin PBXContainerItemProxy section */
		BC74E5941E5BF49B00E717C9 /* PBXContainerItemProxy */ = {
			isa = PBXContainerItemProxy;
			containerPortal = BC74E5761E5BF48E00E717C9 /* Project object */;
			proxyType = 1;
			remoteGlobalIDString = BC74E57D1E5BF48E00E717C9;
			remoteInfo = optargparse;
		};
/* End PBXContainerItemProxy section */

/* Begin PBXFileReference section */
		BC74E57E1E5BF48E00E717C9 /* liboptargparse.a */ = {isa = PBXFileReference; explicitFileType = archive.ar; includeInIndex = 0; path = liboptargparse.a; sourceTree = BUILT_PRODUCTS_DIR; };
		BC74E58E1E5BF49B00E717C9 /* optargparseTests.xctest */ = {isa = PBXFileReference; explicitFileType = wrapper.cfbundle; includeInIndex = 0; path = optargparseTests.xctest; sourceTree = BUILT_PRODUCTS_DIR; };
		BC74E5921E5BF49B00E717C9 /* Info.plist */ = {isa = PBXFileReference; lastKnownFileType = text.plist.xml; path = Info.plist; sourceTree = "<group>"; };
		BC74E5991E5BF4D600E717C9 /* OAPArgumentParser.h */ = {isa = PBXFileReference; fileEncoding = 4; lastKnownFileType = sourcecode.c.h; path = OAPArgumentParser.h; sourceTree = "<group>"; };
		BC74E59A1E5BF4D600E717C9 /* OAPArgumentParser.m */ = {isa = PBXFileReference; fileEncoding = 4; lastKnownFileType = sourcecode.c.objc; path = OAPArgumentParser.m; sourceTree = "<group>"; };
		BC74E5A81E5C2C1C00E717C9 /* OAPArgumentParserTests.m */ = {isa = PBXFileReference; fileEncoding = 4; lastKnownFileType = sourcecode.c.objc; path = OAPArgumentParserTests.m; sourceTree = "<group>"; };
/* End PBXFileReference section */

/* Begin PBXFrameworksBuildPhase section */
		BC74E57B1E5BF48E00E717C9 /* Frameworks */ = {
			isa = PBXFrameworksBuildPhase;
			buildActionMask = 2147483647;
			files = (
			);
			runOnlyForDeploymentPostprocessing = 0;
		};
		BC74E58B1E5BF49B00E717C9 /* Frameworks */ = {
			isa = PBXFrameworksBuildPhase;
			buildActionMask = 2147483647;
			files = (
				BC74E5931E5BF49B00E717C9 /* liboptargparse.a in Frameworks */,
			);
			runOnlyForDeploymentPostprocessing = 0;
		};
/* End PBXFrameworksBuildPhase section */

/* Begin PBXGroup section */
		BC74E5751E5BF48E00E717C9 = {
			isa = PBXGroup;
			children = (
				BC74E5801E5BF48E00E717C9 /* optargparse */,
				BC74E58F1E5BF49B00E717C9 /* optargparseTests */,
				BC74E57F1E5BF48E00E717C9 /* Products */,
			);
			sourceTree = "<group>";
		};
		BC74E57F1E5BF48E00E717C9 /* Products */ = {
			isa = PBXGroup;
			children = (
				BC74E57E1E5BF48E00E717C9 /* liboptargparse.a */,
				BC74E58E1E5BF49B00E717C9 /* optargparseTests.xctest */,
			);
			name = Products;
			sourceTree = "<group>";
		};
		BC74E5801E5BF48E00E717C9 /* optargparse */ = {
			isa = PBXGroup;
			children = (
				BC74E5991E5BF4D600E717C9 /* OAPArgumentParser.h */,
				BC74E59A1E5BF4D600E717C9 /* OAPArgumentParser.m */,
			);
			path = optargparse;
			sourceTree = "<group>";
		};
		BC74E58F1E5BF49B00E717C9 /* optargparseTests */ = {
			isa = PBXGroup;
			children = (
				BC74E5921E5BF49B00E717C9 /* Info.plist */,
				BC74E5A81E5C2C1C00E717C9 /* OAPArgumentParserTests.m */,
			);
			path = optargparseTests;
			sourceTree = "<group>";
		};
/* End PBXGroup section */

/* Begin PBXHeadersBuildPhase section */
		BC74E57C1E5BF48E00E717C9 /* Headers */ = {
			isa = PBXHeadersBuildPhase;
			buildActionMask = 2147483647;
			files = (
				BC74E59B1E5BF4D600E717C9 /* OAPArgumentParser.h in Headers */,
			);
			runOnlyForDeploymentPostprocessing = 0;
		};
/* End PBXHeadersBuildPhase section */

/* Begin PBXNativeTarget section */
		BC74E57D1E5BF48E00E717C9 /* optargparse */ = {
			isa = PBXNativeTarget;
			buildConfigurationList = BC74E5871E5BF48E00E717C9 /* Build configuration list for PBXNativeTarget "optargparse" */;
			buildPhases = (
				BC74E57A1E5BF48E00E717C9 /* Sources */,
				BC74E57B1E5BF48E00E717C9 /* Frameworks */,
				BC74E57C1E5BF48E00E717C9 /* Headers */,
			);
			buildRules = (
			);
			dependencies = (
			);
			name = optargparse;
			productName = optargparse;
			productReference = BC74E57E1E5BF48E00E717C9 /* liboptargparse.a */;
			productType = "com.apple.product-type.library.static";
		};
		BC74E58D1E5BF49B00E717C9 /* optargparseTests */ = {
			isa = PBXNativeTarget;
			buildConfigurationList = BC74E5961E5BF49B00E717C9 /* Build configuration list for PBXNativeTarget "optargparseTests" */;
			buildPhases = (
				BC74E58A1E5BF49B00E717C9 /* Sources */,
				BC74E58B1E5BF49B00E717C9 /* Frameworks */,
				BC74E58C1E5BF49B00E717C9 /* Resources */,
			);
			buildRules = (
			);
			dependencies = (
				BC74E5951E5BF49B00E717C9 /* PBXTargetDependency */,
			);
			name = optargparseTests;
			productName = optargparseTests;
			productReference = BC74E58E1E5BF49B00E717C9 /* optargparseTests.xctest */;
			productType = "com.apple.product-type.bundle.unit-test";
		};
/* End PBXNativeTarget section */

/* Begin PBXProject section */
		BC74E5761E5BF48E00E717C9 /* Project object */ = {
			isa = PBXProject;
			attributes = {
				LastUpgradeCheck = 0830;
				ORGANIZATIONNAME = "Scott Perry";
				TargetAttributes = {
					BC74E57D1E5BF48E00E717C9 = {
						CreatedOnToolsVersion = 8.3;
						ProvisioningStyle = Automatic;
					};
					BC74E58D1E5BF49B00E717C9 = {
						CreatedOnToolsVersion = 8.3;
						ProvisioningStyle = Automatic;
					};
				};
			};
			buildConfigurationList = BC74E5791E5BF48E00E717C9 /* Build configuration list for PBXProject "optargparse" */;
			compatibilityVersion = "Xcode 3.2";
			developmentRegion = English;
			hasScannedForEncodings = 0;
			knownRegions = (
				en,
			);
			mainGroup = BC74E5751E5BF48E00E717C9;
			productRefGroup = BC74E57F1E5BF48E00E717C9 /* Products */;
			projectDirPath = "";
			projectRoot = "";
			targets = (
				BC74E57D1E5BF48E00E717C9 /* optargparse */,
				BC74E58D1E5BF49B00E717C9 /* optargparseTests */,
			);
		};
/* End PBXProject section */

/* Begin PBXResourcesBuildPhase section */
		BC74E58C1E5BF49B00E717C9 /* Resources */ = {
			isa = PBXResourcesBuildPhase;
			buildActionMask = 2147483647;
			files = (
			);
			runOnlyForDeploymentPostprocessing = 0;
		};
/* End PBXResourcesBuildPhase section */

/* Begin PBXSourcesBuildPhase section */
		BC74E57A1E5BF48E00E717C9 /* Sources */ = {
			isa = PBXSourcesBuildPhase;
			buildActionMask = 2147483647;
			files = (
				BC74E59C1E5BF4D600E717C9 /* OAPArgumentParser.m in Sources */,
			);
			runOnlyForDeploymentPostprocessing = 0;
		};
		BC74E58A1E5BF49B00E717C9 /* Sources */ = {
			isa = PBXSourcesBuildPhase;
			buildActionMask = 2147483647;
			files = (
				BC74E5A91E5C2C1C00E717C9 /* OAPArgumentParserTests.m in Sources */,
			);
			runOnlyForDeploymentPostprocessing = 0;
		};
/* End PBXSourcesBuildPhase section */

/* Begin PBXTargetDependency section */
		BC74E5951E5BF49B00E717C9 /* PBXTargetDependency */ = {
			isa = PBXTargetDependency;
			target = BC74E57D1E5BF48E00E717C9 /* optargparse */;
			targetProxy = BC74E5941E5BF49B00E717C9 /* PBXContainerItemProxy */;
		};
/* End PBXTargetDependency section */

/* Begin XCBuildConfiguration section */
		BC74E5851E5BF48E00E717C9 /* Debug */ = {
			isa = XCBuildConfiguration;
			buildSettings = {
				ALWAYS_SEARCH_USER_PATHS = NO;
				CLANG_ANALYZER_NONNULL = YES;
				CLANG_ANALYZER_NUMBER_OBJECT_CONVERSION = YES_AGGRESSIVE;
				CLANG_CXX_LANGUAGE_STANDARD = "gnu++0x";
				CLANG_CXX_LIBRARY = "libc++";
				CLANG_ENABLE_MODULES = YES;
				CLANG_ENABLE_OBJC_ARC = YES;
				CLANG_WARN_BOOL_CONVERSION = YES;
				CLANG_WARN_CONSTANT_CONVERSION = YES;
				CLANG_WARN_DIRECT_OBJC_ISA_USAGE = YES_ERROR;
				CLANG_WARN_DOCUMENTATION_COMMENTS = YES;
				CLANG_WARN_EMPTY_BODY = YES;
				CLANG_WARN_ENUM_CONVERSION = YES;
				CLANG_WARN_INFINITE_RECURSION = YES;
				CLANG_WARN_INT_CONVERSION = YES;
				CLANG_WARN_OBJC_ROOT_CLASS = YES_ERROR;
				CLANG_WARN_SUSPICIOUS_MOVE = YES;
				CLANG_WARN_UNREACHABLE_CODE = YES;
				CLANG_WARN__DUPLICATE_METHOD_MATCH = YES;
				CODE_SIGN_IDENTITY = "-";
				COPY_PHASE_STRIP = NO;
				DEBUG_INFORMATION_FORMAT = dwarf;
				ENABLE_STRICT_OBJC_MSGSEND = YES;
				ENABLE_TESTABILITY = YES;
				GCC_C_LANGUAGE_STANDARD = gnu99;
				GCC_DYNAMIC_NO_PIC = NO;
				GCC_NO_COMMON_BLOCKS = YES;
				GCC_OPTIMIZATION_LEVEL = 0;
				GCC_PREPROCESSOR_DEFINITIONS = (
					"DEBUG=1",
					"$(inherited)",
				);
				GCC_WARN_64_TO_32_BIT_CONVERSION = YES;
				GCC_WARN_ABOUT_RETURN_TYPE = YES_ERROR;
				GCC_WARN_UNDECLARED_SELECTOR = YES;
				GCC_WARN_UNINITIALIZED_AUTOS = YES_AGGRESSIVE;
				GCC_WARN_UNUSED_FUNCTION = YES;
				GCC_WARN_UNUSED_VARIABLE = YES;
				MACOSX_DEPLOYMENT_TARGET = 10.12;
				MTL_ENABLE_DEBUG_INFO = YES;
				ONLY_ACTIVE_ARCH = YES;
				SDKROOT = macosx;
			};
			name = Debug;
		};
		BC74E5861E5BF48E00E717C9 /* Release */ = {
			isa = XCBuildConfiguration;
			buildSettings = {
				ALWAYS_SEARCH_USER_PATHS = NO;
				CLANG_ANALYZER_NONNULL = YES;
				CLANG_ANALYZER_NUMBER_OBJECT_CONVERSION = YES_AGGRESSIVE;
				CLANG_CXX_LANGUAGE_STANDARD = "gnu++0x";
				CLANG_CXX_LIBRARY = "libc++";
				CLANG_ENABLE_MODULES = YES;
				CLANG_ENABLE_OBJC_ARC = YES;
				CLANG_WARN_BOOL_CONVERSION = YES;
				CLANG_WARN_CONSTANT_CONVERSION = YES;
				CLANG_WARN_DIRECT_OBJC_ISA_USAGE = YES_ERROR;
				CLANG_WARN_DOCUMENTATION_COMMENTS = YES;
				CLANG_WARN_EMPTY_BODY = YES;
				CLANG_WARN_ENUM_CONVERSION = YES;
				CLANG_WARN_INFINITE_RECURSION = YES;
				CLANG_WARN_INT_CONVERSION = YES;
				CLANG_WARN_OBJC_ROOT_CLASS = YES_ERROR;
				CLANG_WARN_SUSPICIOUS_MOVE = YES;
				CLANG_WARN_UNREACHABLE_CODE = YES;
				CLANG_WARN__DUPLICATE_METHOD_MATCH = YES;
				CODE_SIGN_IDENTITY = "-";
				COPY_PHASE_STRIP = NO;
				DEBUG_INFORMATION_FORMAT = "dwarf-with-dsym";
				ENABLE_NS_ASSERTIONS = NO;
				ENABLE_STRICT_OBJC_MSGSEND = YES;
				GCC_C_LANGUAGE_STANDARD = gnu99;
				GCC_NO_COMMON_BLOCKS = YES;
				GCC_WARN_64_TO_32_BIT_CONVERSION = YES;
				GCC_WARN_ABOUT_RETURN_TYPE = YES_ERROR;
				GCC_WARN_UNDECLARED_SELECTOR = YES;
				GCC_WARN_UNINITIALIZED_AUTOS = YES_AGGRESSIVE;
				GCC_WARN_UNUSED_FUNCTION = YES;
				GCC_WARN_UNUSED_VARIABLE = YES;
				MACOSX_DEPLOYMENT_TARGET = 10.12;
				MTL_ENABLE_DEBUG_INFO = NO;
				SDKROOT = macosx;
			};
			name = Release;
		};
		BC74E5881E5BF48E00E717C9 /* Debug */ = {
			isa = XCBuildConfiguration;
			buildSettings = {
				EXECUTABLE_PREFIX = lib;
				PRODUCT_NAME = "$(TARGET_NAME)";
			};
			name = Debug;
		};
		BC74E5891E5BF48E00E717C9 /* Release */ = {
			isa = XCBuildConfiguration;
			buildSettings = {
				EXECUTABLE_PREFIX = lib;
				PRODUCT_NAME = "$(TARGET_NAME)";
			};
			name = Release;
		};
		BC74E5971E5BF49B00E717C9 /* Debug */ = {
			isa = XCBuildConfiguration;
			buildSettings = {
				COMBINE_HIDPI_IMAGES = YES;
				INFOPLIST_FILE = optargparseTests/Info.plist;
				LD_RUNPATH_SEARCH_PATHS = "$(inherited) @executable_path/../Frameworks @loader_path/../Frameworks";
				PRODUCT_BUNDLE_IDENTIFIER = net.numist.optargparseTests;
				PRODUCT_NAME = "$(TARGET_NAME)";
			};
			name = Debug;
		};
		BC74E5981E5BF49B00E717C9 /* Release */ = {
			isa = XCBuildConfiguration;
			buildSettings = {
				COMBINE_HIDPI_IMAGES = YES;
				INFOPLIST_FILE = optargparseTests/Info.plist;
				LD_RUNPATH_SEARCH_PATHS = "$(inherited) @executable_path/../Frameworks @loader_path/../Frameworks";
				PRODUCT_BUNDLE_IDENTIFIER = net.numist.optargparseTests;
				PRODUCT_NAME = "$(TARGET_NAME)";
			};
			name = Release;
		};
/* End XCBuildConfiguration section */

/* Begin XCConfigurationList section */
		BC74E5791E5BF48E00E717C9 /* Build configuration list for PBXProject "optargparse" */ = {
			isa = XCConfigurationList;
			buildConfigurations = (
				BC74E5851E5BF48E00E717C9 /* Debug */,
				BC74E5861E5BF48E00E717C9 /* Release */,
			);
			defaultConfigurationIsVisible = 0;
			defaultConfigurationName = Release;
		};
		BC74E5871E5BF48E00E717C9 /* Build configuration list for PBXNativeTarget "optargparse" */ = {
			isa = XCConfigurationList;
			buildConfigurations = (
				BC74E5881E5BF48E00E717C9 /* Debug */,
				BC74E5891E5BF48E00E717C9 /* Release */,
			);
			defaultConfigurationIsVisible = 0;
			defaultConfigurationName = Release;
		};
		BC74E5961E5BF49B00E717C9 /* Build configuration list for PBXNativeTarget "optargparseTests" */ = {
			isa = XCConfigurationList;
			buildConfigurations = (
				BC74E5971E5BF49B00E717C9 /* Debug */,
				BC74E5981E5BF49B00E717C9 /* Release */,
			);
			defaultConfigurationIsVisible = 0;
			defaultConfigurationName = Release;
		};
/* End XCConfigurationList section */
	};
	rootObject = BC74E5761E5BF48E00E717C9 /* Project object */;
}
